
Microsoft Visual Studio Solution File, Format Version 12.00
# Visual Studio 15
VisualStudioVersion = 15.0.28307.271
MinimumVisualStudioVersion = 10.0.40219.1
Project("{FAE04EC0-301F-11D3-BF4B-00C04F79EFBC}") = "ExampleRegex", "ExampleRegex\ExampleRegex.csproj", "{CD27422E-3BC7-40C6-B7A3-32E33DF7EA05}"
EndProject
Project("{2150E333-8FDC-42A3-9474-1A3956D46DE8}") = "Solution Items", "Solution Items", "{970019EF-63A3-47E0-B1EA-023218D85C6F}"
	ProjectSection(SolutionItems) = preProject
		HISTORY = HISTORY
		README = README
		SAMPLE DATA.csv = SAMPLE DATA.csv
	EndProjectSection
EndProject
Global
	GlobalSection(SolutionConfigurationPlatforms) = preSolution
		Debug|Any CPU = Debug|Any CPU
		Release|Any CPU = Release|Any CPU
	EndGlobalSection
	GlobalSection(ProjectConfigurationPlatforms) = postSolution
		{CD27422E-3BC7-40C6-B7A3-32E33DF7EA05}.Debug|Any CPU.ActiveCfg = Debug|Any CPU
		{CD27422E-3BC7-40C6-B7A3-32E33DF7EA05}.Debug|Any CPU.Build.0 = Debug|Any CPU
		{CD27422E-3BC7-40C6-B7A3-32E33DF7EA05}.Release|Any CPU.ActiveCfg = Release|Any CPU
		{CD27422E-3BC7-40C6-B7A3-32E33DF7EA05}.Release|Any CPU.Build.0 = Release|Any CPU
	EndGlobalSection
	GlobalSection(SolutionProperties) = preSolution
		HideSolutionNode = FALSE
	EndGlobalSection
	GlobalSection(ExtensibilityGlobals) = postSolution
		SolutionGuid = {10198DBB-41B7-4098-AE38-B927B5529602}
	EndGlobalSection
EndGlobal
